
Microsoft Visual Studio Solution File, Format Version 12.00
# Visual Studio Version 17
VisualStudioVersion = 17.11.35312.102
MinimumVisualStudioVersion = 10.0.40219.1
Project("{FAE04EC0-301F-11D3-BF4B-00C04F79EFBC}") = "AbstractveInterfaceExample", "AbstractveInterfaceExample\AbstractveInterfaceExample.csproj", "{516CC893-0B19-42B7-A79F-D12790F764EE}"
EndProject
Global
	GlobalSection(SolutionConfigurationPlatforms) = preSolution
		Debug|Any CPU = Debug|Any CPU
		Release|Any CPU = Release|Any CPU
	EndGlobalSection
	GlobalSection(ProjectConfigurationPlatforms) = postSolution
		{516CC893-0B19-42B7-A79F-D12790F764EE}.Debug|Any CPU.ActiveCfg = Debug|Any CPU
		{516CC893-0B19-42B7-A79F-D12790F764EE}.Debug|Any CPU.Build.0 = Debug|Any CPU
		{516CC893-0B19-42B7-A79F-D12790F764EE}.Release|Any CPU.ActiveCfg = Release|Any CPU
		{516CC893-0B19-42B7-A79F-D12790F764EE}.Release|Any CPU.Build.0 = Release|Any CPU
	EndGlobalSection
	GlobalSection(SolutionProperties) = preSolution
		HideSolutionNode = FALSE
	EndGlobalSection
	GlobalSection(ExtensibilityGlobals) = postSolution
		SolutionGuid = {C7DF9C35-A128-4998-9D0D-4BC952CF04D6}
	EndGlobalSection
EndGlobal
